# This file is generated by running "yarn install" inside your project.
# Manual changes might be lost - proceed with caution!

__metadata:
  version: 6
  cacheKey: 8

"eslint-config-typescript-shareable@workspace:.":
  version: 0.0.0-use.local
  resolution: "eslint-config-typescript-shareable@workspace:."
  dependencies:
    prettier: 2.8.4
    semver: 7.3.8
  peerDependencies:
    "@typescript-eslint/eslint-plugin": ^5.52.0
    "@typescript-eslint/parser": ^5.52.0
    eslint: ^8.34.0
    eslint-plugin-functional: ^5.0.4
    eslint-plugin-import: ^2.27.5
    eslint-plugin-react: ^7.32.2
    eslint-plugin-react-hooks: ^4.6.0
    postcss: ^8.4.21
    postcss-scss: ^4.0.6
    postcss-styled: ^0.34.0
    postcss-syntax: ^0.36.2
    prettier: ^2.8.4
    stylelint: ^15.1.0
    stylelint-config-recommended: ^10.0.1
    stylelint-config-standard-scss: ^7.0.1
    stylelint-config-styled-components: ^0.1.1
    stylelint-processor-styled-components: ^1.10.0
    typescript: ^4.9.5
    typescript-styled-plugin: ^0.18.2
  languageName: unknown
  linkType: soft

"lru-cache@npm:^6.0.0":
  version: 6.0.0
  resolution: "lru-cache@npm:6.0.0"
  dependencies:
    yallist: ^4.0.0
  checksum: f97f499f898f23e4585742138a22f22526254fdba6d75d41a1c2526b3b6cc5747ef59c5612ba7375f42aca4f8461950e925ba08c991ead0651b4918b7c978297
  languageName: node
  linkType: hard

"prettier@npm:2.8.4":
  version: 2.8.4
  resolution: "prettier@npm:2.8.4"
  bin:
    prettier: bin-prettier.js
  checksum: c173064bf3df57b6d93d19aa98753b9b9dd7657212e33b41ada8e2e9f9884066bb9ca0b4005b89b3ab137efffdf8fbe0b462785aba20364798ff4303aadda57e
  languageName: node
  linkType: hard

"semver@npm:7.3.8":
  version: 7.3.8
  resolution: "semver@npm:7.3.8"
  dependencies:
    lru-cache: ^6.0.0
  bin:
    semver: bin/semver.js
  checksum: ba9c7cbbf2b7884696523450a61fee1a09930d888b7a8d7579025ad93d459b2d1949ee5bbfeb188b2be5f4ac163544c5e98491ad6152df34154feebc2cc337c1
  languageName: node
  linkType: hard

"yallist@npm:^4.0.0":
  version: 4.0.0
  resolution: "yallist@npm:4.0.0"
  checksum: 343617202af32df2a15a3be36a5a8c0c8545208f3d3dfbc6bb7c3e3b7e8c6f8e7485432e4f3b88da3031a6e20afa7c711eded32ddfb122896ac5d914e75848d5
  languageName: node
  linkType: hard
