# This file is generated by running "yarn install" inside your project.
# Manual changes might be lost - proceed with caution!

__metadata:
  version: 4
  cacheKey: 7

"eslint-config-typescript-shareable@workspace:.":
  version: 0.0.0-use.local
  resolution: "eslint-config-typescript-shareable@workspace:."
  dependencies:
    prettier: 2.3.1
    semver: 7.3.5
  peerDependencies:
    "@typescript-eslint/eslint-plugin": ^4.26.0
    "@typescript-eslint/parser": ^4.26.0
    eslint: ^7.27.0
    eslint-plugin-functional: ^3.2.1
    eslint-plugin-import: ^2.23.4
    eslint-plugin-react: ^7.24.0
    eslint-plugin-react-hooks: ^4.2.0
    prettier: ^2.3.0
    stylelint: ^13.13.1
    stylelint-config-recommended: ^5.0.0
    stylelint-config-styled-components: ^0.1.1
    stylelint-processor-styled-components: ^1.10.0
    typescript: ^4.2.4
    typescript-styled-plugin: ^0.17.0
  languageName: unknown
  linkType: soft

"lru-cache@npm:^6.0.0":
  version: 6.0.0
  resolution: "lru-cache@npm:6.0.0"
  dependencies:
    yallist: ^4.0.0
  checksum: b8b78353d2391c0f135cdc245c4744ad41c2efb1a6d98f31bc57a2cf48ebf02de96e4876657c3026673576bf1f1f61fc3fdd77ab00ad1ead737537bf17d8019d
  languageName: node
  linkType: hard

"prettier@npm:2.3.1":
  version: 2.3.1
  resolution: "prettier@npm:2.3.1"
  bin:
    prettier: bin-prettier.js
  checksum: 9b4a695b87ce5f510fc20feec01cce7371f0fa0b92ffe79d543f6be52e2004c532861629de4d7ab1c577e1f649dce3cfccd62cb2ca6526b1da8d9c63eb84bf36
  languageName: node
  linkType: hard

"semver@npm:7.3.5":
  version: 7.3.5
  resolution: "semver@npm:7.3.5"
  dependencies:
    lru-cache: ^6.0.0
  bin:
    semver: bin/semver.js
  checksum: c53624ddf4b9779bcbf55a1eb8b37074cc44bfeca416f3cc263429408202a8a3c59b00eef8c647d697303bc39b95c022a5c61959221d3814bfb1270ff7c14986
  languageName: node
  linkType: hard

"yallist@npm:^4.0.0":
  version: 4.0.0
  resolution: "yallist@npm:4.0.0"
  checksum: a2960ef879af6ee67a76cae29bac9d8bffeb6e9e366c217dbd21464e7fce071933705544724f47e90ba5209cf9c83c17d5582dd04415d86747a826b2a231efb8
  languageName: node
  linkType: hard
